
Microsoft Visual Studio Solution File, Format Version 12.00
# Visual Studio Version 16
VisualStudioVersion = 16.0.28922.388
MinimumVisualStudioVersion = 10.0.40219.1
Project("{FAE04EC0-301F-11D3-BF4B-00C04F79EFBC}") = "SiteNewsApi", "SiteNewsApi\SiteNewsApi.csproj", "{4FF3D6A9-01DC-4BE6-9944-033BF236E14A}"
EndProject
Project("{FAE04EC0-301F-11D3-BF4B-00C04F79EFBC}") = "SeleniumWebDriver", "SeleniumWebDriver\SeleniumWebDriver.csproj", "{DC41C7A5-A332-47BF-877A-FC45757D9576}"
EndProject
Project("{FAE04EC0-301F-11D3-BF4B-00C04F79EFBC}") = "RabbitMQSender", "RabbitMQSender\RabbitMQSender.csproj", "{C03B5A0B-578C-42E4-8CC6-B9359DE504A9}"
EndProject
Global
	GlobalSection(SolutionConfigurationPlatforms) = preSolution
		Debug|Any CPU = Debug|Any CPU
		Release|Any CPU = Release|Any CPU
	EndGlobalSection
	GlobalSection(ProjectConfigurationPlatforms) = postSolution
		{4FF3D6A9-01DC-4BE6-9944-033BF236E14A}.Debug|Any CPU.ActiveCfg = Debug|Any CPU
		{4FF3D6A9-01DC-4BE6-9944-033BF236E14A}.Debug|Any CPU.Build.0 = Debug|Any CPU
		{4FF3D6A9-01DC-4BE6-9944-033BF236E14A}.Release|Any CPU.ActiveCfg = Release|Any CPU
		{4FF3D6A9-01DC-4BE6-9944-033BF236E14A}.Release|Any CPU.Build.0 = Release|Any CPU
		{DC41C7A5-A332-47BF-877A-FC45757D9576}.Debug|Any CPU.ActiveCfg = Debug|Any CPU
		{DC41C7A5-A332-47BF-877A-FC45757D9576}.Debug|Any CPU.Build.0 = Debug|Any CPU
		{DC41C7A5-A332-47BF-877A-FC45757D9576}.Release|Any CPU.ActiveCfg = Release|Any CPU
		{DC41C7A5-A332-47BF-877A-FC45757D9576}.Release|Any CPU.Build.0 = Release|Any CPU
		{C03B5A0B-578C-42E4-8CC6-B9359DE504A9}.Debug|Any CPU.ActiveCfg = Debug|Any CPU
		{C03B5A0B-578C-42E4-8CC6-B9359DE504A9}.Debug|Any CPU.Build.0 = Debug|Any CPU
		{C03B5A0B-578C-42E4-8CC6-B9359DE504A9}.Release|Any CPU.ActiveCfg = Release|Any CPU
		{C03B5A0B-578C-42E4-8CC6-B9359DE504A9}.Release|Any CPU.Build.0 = Release|Any CPU
	EndGlobalSection
	GlobalSection(SolutionProperties) = preSolution
		HideSolutionNode = FALSE
	EndGlobalSection
	GlobalSection(ExtensibilityGlobals) = postSolution
		SolutionGuid = {090E055E-F9BC-4485-B2EC-3A4F8519B67F}
	EndGlobalSection
EndGlobal
